
Microsoft Visual Studio Solution File, Format Version 12.00
# Visual Studio Version 17
VisualStudioVersion = 17.10.35013.160
MinimumVisualStudioVersion = 10.0.40219.1
Project("{FAE04EC0-301F-11D3-BF4B-00C04F79EFBC}") = "RealTimeChat.API", "RealTimeChat.API.csproj", "{570CDE5D-1C49-44C7-AECB-A8A9FA8F6DB2}"
EndProject
Project("{FAE04EC0-301F-11D3-BF4B-00C04F79EFBC}") = "ReaTimeChat.Entity", "..\ReaTimeChat.Entity\ReaTimeChat.Entity.csproj", "{B9D23C57-7CF9-496E-AA32-73EBDC1318E9}"
EndProject
Project("{FAE04EC0-301F-11D3-BF4B-00C04F79EFBC}") = "RealTimeChat.DAL", "..\RealTimeChat.DAL\RealTimeChat.DAL.csproj", "{A06CB050-3A9F-42C6-871D-E779BD900B4F}"
EndProject
Project("{FAE04EC0-301F-11D3-BF4B-00C04F79EFBC}") = "RealTimeChat.BLL", "..\RealTimeChat.BLL\RealTimeChat.BLL.csproj", "{B69764DA-56C1-48AC-98E8-0672E0FD0122}"
EndProject
Project("{FAE04EC0-301F-11D3-BF4B-00C04F79EFBC}") = "RealTimeChat.DTO", "..\RealTimeChat.DTO\RealTimeChat.DTO.csproj", "{D8EDA299-F02B-4971-AE1E-D858880E78E9}"
EndProject
Global
	GlobalSection(SolutionConfigurationPlatforms) = preSolution
		Debug|Any CPU = Debug|Any CPU
		Release|Any CPU = Release|Any CPU
	EndGlobalSection
	GlobalSection(ProjectConfigurationPlatforms) = postSolution
		{570CDE5D-1C49-44C7-AECB-A8A9FA8F6DB2}.Debug|Any CPU.ActiveCfg = Debug|Any CPU
		{570CDE5D-1C49-44C7-AECB-A8A9FA8F6DB2}.Debug|Any CPU.Build.0 = Debug|Any CPU
		{570CDE5D-1C49-44C7-AECB-A8A9FA8F6DB2}.Release|Any CPU.ActiveCfg = Release|Any CPU
		{570CDE5D-1C49-44C7-AECB-A8A9FA8F6DB2}.Release|Any CPU.Build.0 = Release|Any CPU
		{B9D23C57-7CF9-496E-AA32-73EBDC1318E9}.Debug|Any CPU.ActiveCfg = Debug|Any CPU
		{B9D23C57-7CF9-496E-AA32-73EBDC1318E9}.Debug|Any CPU.Build.0 = Debug|Any CPU
		{B9D23C57-7CF9-496E-AA32-73EBDC1318E9}.Release|Any CPU.ActiveCfg = Release|Any CPU
		{B9D23C57-7CF9-496E-AA32-73EBDC1318E9}.Release|Any CPU.Build.0 = Release|Any CPU
		{A06CB050-3A9F-42C6-871D-E779BD900B4F}.Debug|Any CPU.ActiveCfg = Debug|Any CPU
		{A06CB050-3A9F-42C6-871D-E779BD900B4F}.Debug|Any CPU.Build.0 = Debug|Any CPU
		{A06CB050-3A9F-42C6-871D-E779BD900B4F}.Release|Any CPU.ActiveCfg = Release|Any CPU
		{A06CB050-3A9F-42C6-871D-E779BD900B4F}.Release|Any CPU.Build.0 = Release|Any CPU
		{B69764DA-56C1-48AC-98E8-0672E0FD0122}.Debug|Any CPU.ActiveCfg = Debug|Any CPU
		{B69764DA-56C1-48AC-98E8-0672E0FD0122}.Debug|Any CPU.Build.0 = Debug|Any CPU
		{B69764DA-56C1-48AC-98E8-0672E0FD0122}.Release|Any CPU.ActiveCfg = Release|Any CPU
		{B69764DA-56C1-48AC-98E8-0672E0FD0122}.Release|Any CPU.Build.0 = Release|Any CPU
		{D8EDA299-F02B-4971-AE1E-D858880E78E9}.Debug|Any CPU.ActiveCfg = Debug|Any CPU
		{D8EDA299-F02B-4971-AE1E-D858880E78E9}.Debug|Any CPU.Build.0 = Debug|Any CPU
		{D8EDA299-F02B-4971-AE1E-D858880E78E9}.Release|Any CPU.ActiveCfg = Release|Any CPU
		{D8EDA299-F02B-4971-AE1E-D858880E78E9}.Release|Any CPU.Build.0 = Release|Any CPU
	EndGlobalSection
	GlobalSection(SolutionProperties) = preSolution
		HideSolutionNode = FALSE
	EndGlobalSection
	GlobalSection(ExtensibilityGlobals) = postSolution
		SolutionGuid = {A754196C-A6DF-4EFD-80ED-988BD368D23D}
	EndGlobalSection
EndGlobal
